
Microsoft Visual Studio Solution File, Format Version 12.00
# Visual Studio Version 17
VisualStudioVersion = 17.6.33829.357
MinimumVisualStudioVersion = 10.0.40219.1
Project("{FAE04EC0-301F-11D3-BF4B-00C04F79EFBC}") = "EmployeeManagementSystem", "EmployeeManagementSystem\EmployeeManagementSystem.csproj", "{45F6871B-80F0-4790-A220-5317DE272890}"
EndProject
Global
	GlobalSection(SolutionConfigurationPlatforms) = preSolution
		Debug|Any CPU = Debug|Any CPU
		Release|Any CPU = Release|Any CPU
	EndGlobalSection
	GlobalSection(ProjectConfigurationPlatforms) = postSolution
		{45F6871B-80F0-4790-A220-5317DE272890}.Debug|Any CPU.ActiveCfg = Debug|Any CPU
		{45F6871B-80F0-4790-A220-5317DE272890}.Debug|Any CPU.Build.0 = Debug|Any CPU
		{45F6871B-80F0-4790-A220-5317DE272890}.Release|Any CPU.ActiveCfg = Release|Any CPU
		{45F6871B-80F0-4790-A220-5317DE272890}.Release|Any CPU.Build.0 = Release|Any CPU
	EndGlobalSection
	GlobalSection(SolutionProperties) = preSolution
		HideSolutionNode = FALSE
	EndGlobalSection
	GlobalSection(ExtensibilityGlobals) = postSolution
		SolutionGuid = {4A61C927-01DF-4288-A62E-58749008407D}
	EndGlobalSection
EndGlobal
